# This file is automatically @generated by Cargo.
# It is not intended for manual editing.
version = 4

[[package]]
name = "leetcode_00001"
version = "0.1.0"

[[package]]
name = "leetcode_00002"
version = "0.1.0"

[[package]]
name = "leetcode_00003"
version = "0.1.0"

[[package]]
name = "leetcode_00004"
version = "0.1.0"

[[package]]
name = "leetcode_00005"
version = "0.1.0"

[[package]]
name = "leetcode_00006"
version = "0.1.0"

[[package]]
name = "leetcode_00007"
version = "0.1.0"

[[package]]
name = "leetcode_00008"
version = "0.1.0"

[[package]]
name = "leetcode_00009"
version = "0.1.0"

[[package]]
name = "leetcode_00010"
version = "0.1.0"

[[package]]
name = "leetcode_00011"
version = "0.1.0"

[[package]]
name = "leetcode_00012"
version = "0.1.0"

[[package]]
name = "leetcode_00013"
version = "0.1.0"

[[package]]
name = "leetcode_00014"
version = "0.1.0"

[[package]]
name = "leetcode_00015"
version = "0.1.0"

[[package]]
name = "leetcode_00016"
version = "0.1.0"

[[package]]
name = "leetcode_00017"
version = "0.1.0"

[[package]]
name = "leetcode_00018"
version = "0.1.0"

[[package]]
name = "leetcode_00019"
version = "0.1.0"

[[package]]
name = "leetcode_00020"
version = "0.1.0"

[[package]]
name = "leetcode_00021"
version = "0.1.0"

[[package]]
name = "leetcode_00022"
version = "0.1.0"

[[package]]
name = "leetcode_00023"
version = "0.1.0"

[[package]]
name = "leetcode_00024"
version = "0.1.0"
