# This file is automatically @generated by Cargo.
# It is not intended for manual editing.
version = 3

[[package]]
name = "leetcode_00001"
version = "0.1.0"

[[package]]
name = "leetcode_00002"
version = "0.1.0"

[[package]]
name = "leetcode_00003"
version = "0.1.0"

[[package]]
name = "leetcode_00004"
version = "0.1.0"

[[package]]
name = "leetcode_00005"
version = "0.1.0"

[[package]]
name = "leetcode_00006"
version = "0.1.0"

[[package]]
name = "leetcode_00007"
version = "0.1.0"

[[package]]
name = "leetcode_00008"
version = "0.1.0"

[[package]]
name = "leetcode_00009"
version = "0.1.0"

[[package]]
name = "leetcode_00010"
version = "0.1.0"
